
Microsoft Visual Studio Solution File, Format Version 12.00
# Visual Studio Version 17
VisualStudioVersion = 17.10.35027.167
MinimumVisualStudioVersion = 10.0.40219.1
Project("{FAE04EC0-301F-11D3-BF4B-00C04F79EFBC}") = "WindowsFormsApp2", "WindowsFormsApp2.csproj", "{0110AB8C-5778-497A-97CF-7D19D8D8E040}"
EndProject
Global
	GlobalSection(SolutionConfigurationPlatforms) = preSolution
		Debug|Any CPU = Debug|Any CPU
		Release|Any CPU = Release|Any CPU
	EndGlobalSection
	GlobalSection(ProjectConfigurationPlatforms) = postSolution
		{0110AB8C-5778-497A-97CF-7D19D8D8E040}.Debug|Any CPU.ActiveCfg = Debug|Any CPU
		{0110AB8C-5778-497A-97CF-7D19D8D8E040}.Debug|Any CPU.Build.0 = Debug|Any CPU
		{0110AB8C-5778-497A-97CF-7D19D8D8E040}.Release|Any CPU.ActiveCfg = Release|Any CPU
		{0110AB8C-5778-497A-97CF-7D19D8D8E040}.Release|Any CPU.Build.0 = Release|Any CPU
	EndGlobalSection
	GlobalSection(SolutionProperties) = preSolution
		HideSolutionNode = FALSE
	EndGlobalSection
	GlobalSection(ExtensibilityGlobals) = postSolution
		SolutionGuid = {8DDD9649-ACEB-46E4-A63E-80D5DBB29338}
	EndGlobalSection
EndGlobal
